// !$*UTF8*$!
{
	archiveVersion = 1;
	classes = {
	};
	objectVersion = 56;
	objects = {

/* Begin PBXBuildFile section */
		DE0595372A7C147600EEC5C7 /* CardView.swift in Sources */ = {isa = PBXBuildFile; fileRef = DE0595362A7C147600EEC5C7 /* CardView.swift */; };
		DE0B67962A9FAA4E00DC26C3 /* Card.swift in Sources */ = {isa = PBXBuildFile; fileRef = DE0B67952A9FAA4E00DC26C3 /* Card.swift */; };
		DE29FF332CD4EE44001FC0BF /* InfoView.swift in Sources */ = {isa = PBXBuildFile; fileRef = DE29FF322CD4EE44001FC0BF /* InfoView.swift */; };
		DE4C8BAC2A977963005A7DE8 /* GameOverWindowView.swift in Sources */ = {isa = PBXBuildFile; fileRef = DE4C8BAB2A977963005A7DE8 /* GameOverWindowView.swift */; };
		DE5A93842A74231200A5480D /* onehandbanditApp.swift in Sources */ = {isa = PBXBuildFile; fileRef = DE5A93832A74231200A5480D /* onehandbanditApp.swift */; };
		DE5A93862A74231200A5480D /* ContentView.swift in Sources */ = {isa = PBXBuildFile; fileRef = DE5A93852A74231200A5480D /* ContentView.swift */; };
		DE5A93882A74231400A5480D /* Assets.xcassets in Resources */ = {isa = PBXBuildFile; fileRef = DE5A93872A74231400A5480D /* Assets.xcassets */; };
		DE5A938B2A74231400A5480D /* Preview Assets.xcassets in Resources */ = {isa = PBXBuildFile; fileRef = DE5A938A2A74231400A5480D /* Preview Assets.xcassets */; };
/* End PBXBuildFile section */

/* Begin PBXFileReference section */
		DE0595362A7C147600EEC5C7 /* CardView.swift */ = {isa = PBXFileReference; lastKnownFileType = sourcecode.swift; path = CardView.swift; sourceTree = "<group>"; };
		DE0B67952A9FAA4E00DC26C3 /* Card.swift */ = {isa = PBXFileReference; lastKnownFileType = sourcecode.swift; path = Card.swift; sourceTree = "<group>"; };
		DE29FF322CD4EE44001FC0BF /* InfoView.swift */ = {isa = PBXFileReference; lastKnownFileType = sourcecode.swift; path = InfoView.swift; sourceTree = "<group>"; };
		DE4C8BAB2A977963005A7DE8 /* GameOverWindowView.swift */ = {isa = PBXFileReference; lastKnownFileType = sourcecode.swift; path = GameOverWindowView.swift; sourceTree = "<group>"; };
		DE5A93802A74231200A5480D /* onehandbandit.app */ = {isa = PBXFileReference; explicitFileType = wrapper.application; includeInIndex = 0; path = onehandbandit.app; sourceTree = BUILT_PRODUCTS_DIR; };
		DE5A93832A74231200A5480D /* onehandbanditApp.swift */ = {isa = PBXFileReference; lastKnownFileType = sourcecode.swift; path = onehandbanditApp.swift; sourceTree = "<group>"; };
		DE5A93852A74231200A5480D /* ContentView.swift */ = {isa = PBXFileReference; lastKnownFileType = sourcecode.swift; path = ContentView.swift; sourceTree = "<group>"; };
		DE5A93872A74231400A5480D /* Assets.xcassets */ = {isa = PBXFileReference; lastKnownFileType = folder.assetcatalog; path = Assets.xcassets; sourceTree = "<group>"; };
		DE5A938A2A74231400A5480D /* Preview Assets.xcassets */ = {isa = PBXFileReference; lastKnownFileType = folder.assetcatalog; path = "Preview Assets.xcassets"; sourceTree = "<group>"; };
/* End PBXFileReference section */

/* Begin PBXFrameworksBuildPhase section */
		DE5A937D2A74231200A5480D /* Frameworks */ = {
			isa = PBXFrameworksBuildPhase;
			buildActionMask = 2147483647;
			files = (
			);
			runOnlyForDeploymentPostprocessing = 0;
		};
/* End PBXFrameworksBuildPhase section */

/* Begin PBXGroup section */
		DE0B67922A9FA7A400DC26C3 /* Model */ = {
			isa = PBXGroup;
			children = (
				DE0B67952A9FAA4E00DC26C3 /* Card.swift */,
			);
			path = Model;
			sourceTree = "<group>";
		};
		DE0B67942A9FA81B00DC26C3 /* Root */ = {
			isa = PBXGroup;
			children = (
				DE5A93832A74231200A5480D /* onehandbanditApp.swift */,
			);
			path = Root;
			sourceTree = "<group>";
		};
		DE5A93772A74231200A5480D = {
			isa = PBXGroup;
			children = (
				DE5A93822A74231200A5480D /* onehandbandit */,
				DE5A93812A74231200A5480D /* Products */,
			);
			sourceTree = "<group>";
		};
		DE5A93812A74231200A5480D /* Products */ = {
			isa = PBXGroup;
			children = (
				DE5A93802A74231200A5480D /* onehandbandit.app */,
			);
			name = Products;
			sourceTree = "<group>";
		};
		DE5A93822A74231200A5480D /* onehandbandit */ = {
			isa = PBXGroup;
			children = (
				DE5A93872A74231400A5480D /* Assets.xcassets */,
				DEDE02652AA2453B00331615 /* Home */,
				DE0B67922A9FA7A400DC26C3 /* Model */,
				DE5A93892A74231400A5480D /* Preview Content */,
				DE0B67942A9FA81B00DC26C3 /* Root */,
				DE72AF612AAF4C4200534FF4 /* View */,
			);
			path = onehandbandit;
			sourceTree = "<group>";
		};
		DE5A93892A74231400A5480D /* Preview Content */ = {
			isa = PBXGroup;
			children = (
				DE5A938A2A74231400A5480D /* Preview Assets.xcassets */,
			);
			path = "Preview Content";
			sourceTree = "<group>";
		};
		DE72AF612AAF4C4200534FF4 /* View */ = {
			isa = PBXGroup;
			children = (
				DE4C8BAB2A977963005A7DE8 /* GameOverWindowView.swift */,
				DE0595362A7C147600EEC5C7 /* CardView.swift */,
				DE29FF322CD4EE44001FC0BF /* InfoView.swift */,
			);
			path = View;
			sourceTree = "<group>";
		};
		DEDE02652AA2453B00331615 /* Home */ = {
			isa = PBXGroup;
			children = (
				DE5A93852A74231200A5480D /* ContentView.swift */,
			);
			path = Home;
			sourceTree = "<group>";
		};
/* End PBXGroup section */

/* Begin PBXNativeTarget section */
		DE5A937F2A74231200A5480D /* onehandbandit */ = {
			isa = PBXNativeTarget;
			buildConfigurationList = DE5A938E2A74231400A5480D /* Build configuration list for PBXNativeTarget "onehandbandit" */;
			buildPhases = (
				DE5A937C2A74231200A5480D /* Sources */,
				DE5A937D2A74231200A5480D /* Frameworks */,
				DE5A937E2A74231200A5480D /* Resources */,
			);
			buildRules = (
			);
			dependencies = (
			);
			name = onehandbandit;
			productName = onehandbandit;
			productReference = DE5A93802A74231200A5480D /* onehandbandit.app */;
			productType = "com.apple.product-type.application";
		};
/* End PBXNativeTarget section */

/* Begin PBXProject section */
		DE5A93782A74231200A5480D /* Project object */ = {
			isa = PBXProject;
			attributes = {
				BuildIndependentTargetsInParallel = 1;
				LastSwiftUpdateCheck = 1430;
				LastUpgradeCheck = 1500;
				TargetAttributes = {
					DE5A937F2A74231200A5480D = {
						CreatedOnToolsVersion = 14.3.1;
					};
				};
			};
			buildConfigurationList = DE5A937B2A74231200A5480D /* Build configuration list for PBXProject "onehandbandit" */;
			compatibilityVersion = "Xcode 14.0";
			developmentRegion = en;
			hasScannedForEncodings = 0;
			knownRegions = (
				en,
				Base,
			);
			mainGroup = DE5A93772A74231200A5480D;
			productRefGroup = DE5A93812A74231200A5480D /* Products */;
			projectDirPath = "";
			projectRoot = "";
			targets = (
				DE5A937F2A74231200A5480D /* onehandbandit */,
			);
		};
/* End PBXProject section */

/* Begin PBXResourcesBuildPhase section */
		DE5A937E2A74231200A5480D /* Resources */ = {
			isa = PBXResourcesBuildPhase;
			buildActionMask = 2147483647;
			files = (
				DE5A938B2A74231400A5480D /* Preview Assets.xcassets in Resources */,
				DE5A93882A74231400A5480D /* Assets.xcassets in Resources */,
			);
			runOnlyForDeploymentPostprocessing = 0;
		};
/* End PBXResourcesBuildPhase section */

/* Begin PBXSourcesBuildPhase section */
		DE5A937C2A74231200A5480D /* Sources */ = {
			isa = PBXSourcesBuildPhase;
			buildActionMask = 2147483647;
			files = (
				DE0B67962A9FAA4E00DC26C3 /* Card.swift in Sources */,
				DE5A93862A74231200A5480D /* ContentView.swift in Sources */,
				DE0595372A7C147600EEC5C7 /* CardView.swift in Sources */,
				DE4C8BAC2A977963005A7DE8 /* GameOverWindowView.swift in Sources */,
				DE29FF332CD4EE44001FC0BF /* InfoView.swift in Sources */,
				DE5A93842A74231200A5480D /* onehandbanditApp.swift in Sources */,
			);
			runOnlyForDeploymentPostprocessing = 0;
		};
/* End PBXSourcesBuildPhase section */

/* Begin XCBuildConfiguration section */
		DE5A938C2A74231400A5480D /* Debug */ = {
			isa = XCBuildConfiguration;
			buildSettings = {
				ALWAYS_SEARCH_USER_PATHS = NO;
				CLANG_ANALYZER_NONNULL = YES;
				CLANG_ANALYZER_NUMBER_OBJECT_CONVERSION = YES_AGGRESSIVE;
				CLANG_CXX_LANGUAGE_STANDARD = "gnu++20";
				CLANG_ENABLE_MODULES = YES;
				CLANG_ENABLE_OBJC_ARC = YES;
				CLANG_ENABLE_OBJC_WEAK = YES;
				CLANG_WARN_BLOCK_CAPTURE_AUTORELEASING = YES;
				CLANG_WARN_BOOL_CONVERSION = YES;
				CLANG_WARN_COMMA = YES;
				CLANG_WARN_CONSTANT_CONVERSION = YES;
				CLANG_WARN_DEPRECATED_OBJC_IMPLEMENTATIONS = YES;
				CLANG_WARN_DIRECT_OBJC_ISA_USAGE = YES_ERROR;
				CLANG_WARN_DOCUMENTATION_COMMENTS = YES;
				CLANG_WARN_EMPTY_BODY = YES;
				CLANG_WARN_ENUM_CONVERSION = YES;
				CLANG_WARN_INFINITE_RECURSION = YES;
				CLANG_WARN_INT_CONVERSION = YES;
				CLANG_WARN_NON_LITERAL_NULL_CONVERSION = YES;
				CLANG_WARN_OBJC_IMPLICIT_RETAIN_SELF = YES;
				CLANG_WARN_OBJC_LITERAL_CONVERSION = YES;
				CLANG_WARN_OBJC_ROOT_CLASS = YES_ERROR;
				CLANG_WARN_QUOTED_INCLUDE_IN_FRAMEWORK_HEADER = YES;
				CLANG_WARN_RANGE_LOOP_ANALYSIS = YES;
				CLANG_WARN_STRICT_PROTOTYPES = YES;
				CLANG_WARN_SUSPICIOUS_MOVE = YES;
				CLANG_WARN_UNGUARDED_AVAILABILITY = YES_AGGRESSIVE;
				CLANG_WARN_UNREACHABLE_CODE = YES;
				CLANG_WARN__DUPLICATE_METHOD_MATCH = YES;
				COPY_PHASE_STRIP = NO;
				DEBUG_INFORMATION_FORMAT = dwarf;
				ENABLE_STRICT_OBJC_MSGSEND = YES;
				ENABLE_TESTABILITY = YES;
				ENABLE_USER_SCRIPT_SANDBOXING = YES;
				GCC_C_LANGUAGE_STANDARD = gnu11;
				GCC_DYNAMIC_NO_PIC = NO;
				GCC_NO_COMMON_BLOCKS = YES;
				GCC_OPTIMIZATION_LEVEL = 0;
				GCC_PREPROCESSOR_DEFINITIONS = (
					"DEBUG=1",
					"$(inherited)",
				);
				GCC_WARN_64_TO_32_BIT_CONVERSION = YES;
				GCC_WARN_ABOUT_RETURN_TYPE = YES_ERROR;
				GCC_WARN_UNDECLARED_SELECTOR = YES;
				GCC_WARN_UNINITIALIZED_AUTOS = YES_AGGRESSIVE;
				GCC_WARN_UNUSED_FUNCTION = YES;
				GCC_WARN_UNUSED_VARIABLE = YES;
				IPHONEOS_DEPLOYMENT_TARGET = 16.4;
				MTL_ENABLE_DEBUG_INFO = INCLUDE_SOURCE;
				MTL_FAST_MATH = YES;
				ONLY_ACTIVE_ARCH = YES;
				SDKROOT = iphoneos;
				SWIFT_ACTIVE_COMPILATION_CONDITIONS = DEBUG;
				SWIFT_OPTIMIZATION_LEVEL = "-Onone";
			};
			name = Debug;
		};
		DE5A938D2A74231400A5480D /* Release */ = {
			isa = XCBuildConfiguration;
			buildSettings = {
				ALWAYS_SEARCH_USER_PATHS = NO;
				CLANG_ANALYZER_NONNULL = YES;
				CLANG_ANALYZER_NUMBER_OBJECT_CONVERSION = YES_AGGRESSIVE;
				CLANG_CXX_LANGUAGE_STANDARD = "gnu++20";
				CLANG_ENABLE_MODULES = YES;
				CLANG_ENABLE_OBJC_ARC = YES;
				CLANG_ENABLE_OBJC_WEAK = YES;
				CLANG_WARN_BLOCK_CAPTURE_AUTORELEASING = YES;
				CLANG_WARN_BOOL_CONVERSION = YES;
				CLANG_WARN_COMMA = YES;
				CLANG_WARN_CONSTANT_CONVERSION = YES;
				CLANG_WARN_DEPRECATED_OBJC_IMPLEMENTATIONS = YES;
				CLANG_WARN_DIRECT_OBJC_ISA_USAGE = YES_ERROR;
				CLANG_WARN_DOCUMENTATION_COMMENTS = YES;
				CLANG_WARN_EMPTY_BODY = YES;
				CLANG_WARN_ENUM_CONVERSION = YES;
				CLANG_WARN_INFINITE_RECURSION = YES;
				CLANG_WARN_INT_CONVERSION = YES;
				CLANG_WARN_NON_LITERAL_NULL_CONVERSION = YES;
				CLANG_WARN_OBJC_IMPLICIT_RETAIN_SELF = YES;
				CLANG_WARN_OBJC_LITERAL_CONVERSION = YES;
				CLANG_WARN_OBJC_ROOT_CLASS = YES_ERROR;
				CLANG_WARN_QUOTED_INCLUDE_IN_FRAMEWORK_HEADER = YES;
				CLANG_WARN_RANGE_LOOP_ANALYSIS = YES;
				CLANG_WARN_STRICT_PROTOTYPES = YES;
				CLANG_WARN_SUSPICIOUS_MOVE = YES;
				CLANG_WARN_UNGUARDED_AVAILABILITY = YES_AGGRESSIVE;
				CLANG_WARN_UNREACHABLE_CODE = YES;
				CLANG_WARN__DUPLICATE_METHOD_MATCH = YES;
				COPY_PHASE_STRIP = NO;
				DEBUG_INFORMATION_FORMAT = "dwarf-with-dsym";
				ENABLE_NS_ASSERTIONS = NO;
				ENABLE_STRICT_OBJC_MSGSEND = YES;
				ENABLE_USER_SCRIPT_SANDBOXING = YES;
				GCC_C_LANGUAGE_STANDARD = gnu11;
				GCC_NO_COMMON_BLOCKS = YES;
				GCC_WARN_64_TO_32_BIT_CONVERSION = YES;
				GCC_WARN_ABOUT_RETURN_TYPE = YES_ERROR;
				GCC_WARN_UNDECLARED_SELECTOR = YES;
				GCC_WARN_UNINITIALIZED_AUTOS = YES_AGGRESSIVE;
				GCC_WARN_UNUSED_FUNCTION = YES;
				GCC_WARN_UNUSED_VARIABLE = YES;
				IPHONEOS_DEPLOYMENT_TARGET = 16.4;
				MTL_ENABLE_DEBUG_INFO = NO;
				MTL_FAST_MATH = YES;
				SDKROOT = iphoneos;
				SWIFT_COMPILATION_MODE = wholemodule;
				SWIFT_OPTIMIZATION_LEVEL = "-O";
				VALIDATE_PRODUCT = YES;
			};
			name = Release;
		};
		DE5A938F2A74231400A5480D /* Debug */ = {
			isa = XCBuildConfiguration;
			buildSettings = {
				ASSETCATALOG_COMPILER_APPICON_NAME = AppIcon;
				ASSETCATALOG_COMPILER_GLOBAL_ACCENT_COLOR_NAME = AccentColor;
				CODE_SIGN_STYLE = Automatic;
				CURRENT_PROJECT_VERSION = 1;
				DEVELOPMENT_ASSET_PATHS = "\"onehandbandit/Preview Content\"";
				DEVELOPMENT_TEAM = A6U58W9Z99;
				ENABLE_PREVIEWS = YES;
				GENERATE_INFOPLIST_FILE = YES;
				INFOPLIST_KEY_UIApplicationSceneManifest_Generation = YES;
				INFOPLIST_KEY_UIApplicationSupportsIndirectInputEvents = YES;
				INFOPLIST_KEY_UILaunchScreen_Generation = YES;
				INFOPLIST_KEY_UISupportedInterfaceOrientations = UIInterfaceOrientationPortrait;
				INFOPLIST_KEY_UISupportedInterfaceOrientations_iPad = "UIInterfaceOrientationLandscapeLeft UIInterfaceOrientationLandscapeRight UIInterfaceOrientationPortrait UIInterfaceOrientationPortraitUpsideDown";
				IPHONEOS_DEPLOYMENT_TARGET = 16.0;
				LD_RUNPATH_SEARCH_PATHS = (
					"$(inherited)",
					"@executable_path/Frameworks",
				);
				MARKETING_VERSION = 1.0;
				PRODUCT_BUNDLE_IDENTIFIER = n.onehandbandit;
				PRODUCT_NAME = "$(TARGET_NAME)";
				SUPPORTED_PLATFORMS = "iphoneos iphonesimulator";
				SUPPORTS_MACCATALYST = NO;
				SUPPORTS_MAC_DESIGNED_FOR_IPHONE_IPAD = NO;
				SWIFT_EMIT_LOC_STRINGS = YES;
				SWIFT_VERSION = 5.0;
				TARGETED_DEVICE_FAMILY = 1;
			};
			name = Debug;
		};
		DE5A93902A74231400A5480D /* Release */ = {
			isa = XCBuildConfiguration;
			buildSettings = {
				ASSETCATALOG_COMPILER_APPICON_NAME = AppIcon;
				ASSETCATALOG_COMPILER_GLOBAL_ACCENT_COLOR_NAME = AccentColor;
				CODE_SIGN_STYLE = Automatic;
				CURRENT_PROJECT_VERSION = 1;
				DEVELOPMENT_ASSET_PATHS = "\"onehandbandit/Preview Content\"";
				DEVELOPMENT_TEAM = A6U58W9Z99;
				ENABLE_PREVIEWS = YES;
				GENERATE_INFOPLIST_FILE = YES;
				INFOPLIST_KEY_UIApplicationSceneManifest_Generation = YES;
				INFOPLIST_KEY_UIApplicationSupportsIndirectInputEvents = YES;
				INFOPLIST_KEY_UILaunchScreen_Generation = YES;
				INFOPLIST_KEY_UISupportedInterfaceOrientations = UIInterfaceOrientationPortrait;
				INFOPLIST_KEY_UISupportedInterfaceOrientations_iPad = "UIInterfaceOrientationLandscapeLeft UIInterfaceOrientationLandscapeRight UIInterfaceOrientationPortrait UIInterfaceOrientationPortraitUpsideDown";
				IPHONEOS_DEPLOYMENT_TARGET = 16.0;
				LD_RUNPATH_SEARCH_PATHS = (
					"$(inherited)",
					"@executable_path/Frameworks",
				);
				MARKETING_VERSION = 1.0;
				PRODUCT_BUNDLE_IDENTIFIER = n.onehandbandit;
				PRODUCT_NAME = "$(TARGET_NAME)";
				SUPPORTED_PLATFORMS = "iphoneos iphonesimulator";
				SUPPORTS_MACCATALYST = NO;
				SUPPORTS_MAC_DESIGNED_FOR_IPHONE_IPAD = NO;
				SWIFT_EMIT_LOC_STRINGS = YES;
				SWIFT_VERSION = 5.0;
				TARGETED_DEVICE_FAMILY = 1;
			};
			name = Release;
		};
/* End XCBuildConfiguration section */

/* Begin XCConfigurationList section */
		DE5A937B2A74231200A5480D /* Build configuration list for PBXProject "onehandbandit" */ = {
			isa = XCConfigurationList;
			buildConfigurations = (
				DE5A938C2A74231400A5480D /* Debug */,
				DE5A938D2A74231400A5480D /* Release */,
			);
			defaultConfigurationIsVisible = 0;
			defaultConfigurationName = Release;
		};
		DE5A938E2A74231400A5480D /* Build configuration list for PBXNativeTarget "onehandbandit" */ = {
			isa = XCConfigurationList;
			buildConfigurations = (
				DE5A938F2A74231400A5480D /* Debug */,
				DE5A93902A74231400A5480D /* Release */,
			);
			defaultConfigurationIsVisible = 0;
			defaultConfigurationName = Release;
		};
/* End XCConfigurationList section */
	};
	rootObject = DE5A93782A74231200A5480D /* Project object */;
}
